
Microsoft Visual Studio Solution File, Format Version 12.00
# Visual Studio 15
VisualStudioVersion = 15.0.28307.271
MinimumVisualStudioVersion = 10.0.40219.1
Project("{FAE04EC0-301F-11D3-BF4B-00C04F79EFBC}") = "Task1", "Task1\Task1.csproj", "{B09D8348-64B7-4A61-BEED-65E6183BE61C}"
EndProject
Project("{FAE04EC0-301F-11D3-BF4B-00C04F79EFBC}") = "Task2", "Task2\Task2.csproj", "{BC5C41E6-766A-4FBB-9EEB-9A65216C1C1C}"
EndProject
Global
	GlobalSection(SolutionConfigurationPlatforms) = preSolution
		Debug|Any CPU = Debug|Any CPU
		Release|Any CPU = Release|Any CPU
	EndGlobalSection
	GlobalSection(ProjectConfigurationPlatforms) = postSolution
		{B09D8348-64B7-4A61-BEED-65E6183BE61C}.Debug|Any CPU.ActiveCfg = Debug|Any CPU
		{B09D8348-64B7-4A61-BEED-65E6183BE61C}.Debug|Any CPU.Build.0 = Debug|Any CPU
		{B09D8348-64B7-4A61-BEED-65E6183BE61C}.Release|Any CPU.ActiveCfg = Release|Any CPU
		{B09D8348-64B7-4A61-BEED-65E6183BE61C}.Release|Any CPU.Build.0 = Release|Any CPU
		{BC5C41E6-766A-4FBB-9EEB-9A65216C1C1C}.Debug|Any CPU.ActiveCfg = Debug|Any CPU
		{BC5C41E6-766A-4FBB-9EEB-9A65216C1C1C}.Debug|Any CPU.Build.0 = Debug|Any CPU
		{BC5C41E6-766A-4FBB-9EEB-9A65216C1C1C}.Release|Any CPU.ActiveCfg = Release|Any CPU
		{BC5C41E6-766A-4FBB-9EEB-9A65216C1C1C}.Release|Any CPU.Build.0 = Release|Any CPU
	EndGlobalSection
	GlobalSection(SolutionProperties) = preSolution
		HideSolutionNode = FALSE
	EndGlobalSection
	GlobalSection(ExtensibilityGlobals) = postSolution
		SolutionGuid = {54EDCFCB-9AAC-46AD-8539-BD963CF1E5D1}
	EndGlobalSection
EndGlobal
