
Microsoft Visual Studio Solution File, Format Version 12.00
# Visual Studio 15
VisualStudioVersion = 15.0.28307.271
MinimumVisualStudioVersion = 10.0.40219.1
Project("{FAE04EC0-301F-11D3-BF4B-00C04F79EFBC}") = "Task1", "Task1\Task1.csproj", "{6402636D-C322-4548-AC3B-A74332ACFC3A}"
EndProject
Project("{FAE04EC0-301F-11D3-BF4B-00C04F79EFBC}") = "Task2", "Task2\Task2.csproj", "{306C5C7A-BBDB-4E72-AEB7-8B7DDAE9428B}"
EndProject
Project("{FAE04EC0-301F-11D3-BF4B-00C04F79EFBC}") = "Task3", "Task3\Task3.csproj", "{8AA73D3E-ED82-4AD7-B6C3-5333A6A03D28}"
EndProject
Global
	GlobalSection(SolutionConfigurationPlatforms) = preSolution
		Debug|Any CPU = Debug|Any CPU
		Release|Any CPU = Release|Any CPU
	EndGlobalSection
	GlobalSection(ProjectConfigurationPlatforms) = postSolution
		{6402636D-C322-4548-AC3B-A74332ACFC3A}.Debug|Any CPU.ActiveCfg = Debug|Any CPU
		{6402636D-C322-4548-AC3B-A74332ACFC3A}.Debug|Any CPU.Build.0 = Debug|Any CPU
		{6402636D-C322-4548-AC3B-A74332ACFC3A}.Release|Any CPU.ActiveCfg = Release|Any CPU
		{6402636D-C322-4548-AC3B-A74332ACFC3A}.Release|Any CPU.Build.0 = Release|Any CPU
		{306C5C7A-BBDB-4E72-AEB7-8B7DDAE9428B}.Debug|Any CPU.ActiveCfg = Debug|Any CPU
		{306C5C7A-BBDB-4E72-AEB7-8B7DDAE9428B}.Debug|Any CPU.Build.0 = Debug|Any CPU
		{306C5C7A-BBDB-4E72-AEB7-8B7DDAE9428B}.Release|Any CPU.ActiveCfg = Release|Any CPU
		{306C5C7A-BBDB-4E72-AEB7-8B7DDAE9428B}.Release|Any CPU.Build.0 = Release|Any CPU
		{8AA73D3E-ED82-4AD7-B6C3-5333A6A03D28}.Debug|Any CPU.ActiveCfg = Debug|Any CPU
		{8AA73D3E-ED82-4AD7-B6C3-5333A6A03D28}.Debug|Any CPU.Build.0 = Debug|Any CPU
		{8AA73D3E-ED82-4AD7-B6C3-5333A6A03D28}.Release|Any CPU.ActiveCfg = Release|Any CPU
		{8AA73D3E-ED82-4AD7-B6C3-5333A6A03D28}.Release|Any CPU.Build.0 = Release|Any CPU
	EndGlobalSection
	GlobalSection(SolutionProperties) = preSolution
		HideSolutionNode = FALSE
	EndGlobalSection
	GlobalSection(ExtensibilityGlobals) = postSolution
		SolutionGuid = {708487EE-4526-4A35-B7CA-07CE9533613F}
	EndGlobalSection
EndGlobal
